// !$*UTF8*$!
{
	archiveVersion = 1;
	classes = {
	};
	objectVersion = 50;
	objects = {

/* Begin PBXBuildFile section */
		12C9D6B5AE78FB38B502520D /* Pods_MyInstagramTests.framework in Frameworks */ = {isa = PBXBuildFile; fileRef = 2683ED730C24BDF3657060B8 /* Pods_MyInstagramTests.framework */; };
		1CA530C48B8969C9227F1ECC /* Pods_MyInstagram.framework in Frameworks */ = {isa = PBXBuildFile; fileRef = 404F2CF664B28401FA1E5957 /* Pods_MyInstagram.framework */; };
		5041CC2A21586D4D0088C408 /* AppDelegate.swift in Sources */ = {isa = PBXBuildFile; fileRef = 5041CC2921586D4D0088C408 /* AppDelegate.swift */; };
		5041CC2F21586D4D0088C408 /* Main.storyboard in Resources */ = {isa = PBXBuildFile; fileRef = 5041CC2D21586D4D0088C408 /* Main.storyboard */; };
		5041CC3121586D4E0088C408 /* Assets.xcassets in Resources */ = {isa = PBXBuildFile; fileRef = 5041CC3021586D4E0088C408 /* Assets.xcassets */; };
		5041CC3421586D4E0088C408 /* LaunchScreen.storyboard in Resources */ = {isa = PBXBuildFile; fileRef = 5041CC3221586D4E0088C408 /* LaunchScreen.storyboard */; };
		5041CC3F21586D4E0088C408 /* MyInstagramTests.swift in Sources */ = {isa = PBXBuildFile; fileRef = 5041CC3E21586D4E0088C408 /* MyInstagramTests.swift */; };
		5041CC4A21586D4E0088C408 /* MyInstagramUITests.swift in Sources */ = {isa = PBXBuildFile; fileRef = 5041CC4921586D4E0088C408 /* MyInstagramUITests.swift */; };
		5041CC582158733C0088C408 /* LoginViewController.swift in Sources */ = {isa = PBXBuildFile; fileRef = 5041CC572158733C0088C408 /* LoginViewController.swift */; };
		505110292158927500BBB23B /* ProfileViewController.swift in Sources */ = {isa = PBXBuildFile; fileRef = 505110282158927500BBB23B /* ProfileViewController.swift */; };
		5051102B215892C700BBB23B /* CaptureViewController.swift in Sources */ = {isa = PBXBuildFile; fileRef = 5051102A215892C700BBB23B /* CaptureViewController.swift */; };
		5051102D215892E900BBB23B /* HomeViewController.swift in Sources */ = {isa = PBXBuildFile; fileRef = 5051102C215892E900BBB23B /* HomeViewController.swift */; };
		5051106F2159E12200BBB23B /* PostCollectionViewCell.swift in Sources */ = {isa = PBXBuildFile; fileRef = 5051106E2159E12200BBB23B /* PostCollectionViewCell.swift */; };
		50BD75062159F67C00F34F3A /* Post.swift in Sources */ = {isa = PBXBuildFile; fileRef = 50BD75052159F67C00F34F3A /* Post.swift */; };
		CB844C4D417D6DF3A4D518BC /* Pods_MyInstagramUITests.framework in Frameworks */ = {isa = PBXBuildFile; fileRef = C5663849026E7362C6CE32FA /* Pods_MyInstagramUITests.framework */; };
/* End PBXBuildFile section */

/* Begin PBXContainerItemProxy section */
		5041CC3B21586D4E0088C408 /* PBXContainerItemProxy */ = {
			isa = PBXContainerItemProxy;
			containerPortal = 5041CC1E21586D4D0088C408 /* Project object */;
			proxyType = 1;
			remoteGlobalIDString = 5041CC2521586D4D0088C408;
			remoteInfo = MyInstagram;
		};
		5041CC4621586D4E0088C408 /* PBXContainerItemProxy */ = {
			isa = PBXContainerItemProxy;
			containerPortal = 5041CC1E21586D4D0088C408 /* Project object */;
			proxyType = 1;
			remoteGlobalIDString = 5041CC2521586D4D0088C408;
			remoteInfo = MyInstagram;
		};
/* End PBXContainerItemProxy section */

/* Begin PBXFileReference section */
		2683ED730C24BDF3657060B8 /* Pods_MyInstagramTests.framework */ = {isa = PBXFileReference; explicitFileType = wrapper.framework; includeInIndex = 0; path = Pods_MyInstagramTests.framework; sourceTree = BUILT_PRODUCTS_DIR; };
		404F2CF664B28401FA1E5957 /* Pods_MyInstagram.framework */ = {isa = PBXFileReference; explicitFileType = wrapper.framework; includeInIndex = 0; path = Pods_MyInstagram.framework; sourceTree = BUILT_PRODUCTS_DIR; };
		5041CC2621586D4D0088C408 /* MyInstagram.app */ = {isa = PBXFileReference; explicitFileType = wrapper.application; includeInIndex = 0; path = MyInstagram.app; sourceTree = BUILT_PRODUCTS_DIR; };
		5041CC2921586D4D0088C408 /* AppDelegate.swift */ = {isa = PBXFileReference; lastKnownFileType = sourcecode.swift; path = AppDelegate.swift; sourceTree = "<group>"; };
		5041CC2E21586D4D0088C408 /* Base */ = {isa = PBXFileReference; lastKnownFileType = file.storyboard; name = Base; path = Base.lproj/Main.storyboard; sourceTree = "<group>"; };
		5041CC3021586D4E0088C408 /* Assets.xcassets */ = {isa = PBXFileReference; lastKnownFileType = folder.assetcatalog; path = Assets.xcassets; sourceTree = "<group>"; };
		5041CC3321586D4E0088C408 /* Base */ = {isa = PBXFileReference; lastKnownFileType = file.storyboard; name = Base; path = Base.lproj/LaunchScreen.storyboard; sourceTree = "<group>"; };
		5041CC3521586D4E0088C408 /* Info.plist */ = {isa = PBXFileReference; lastKnownFileType = text.plist.xml; path = Info.plist; sourceTree = "<group>"; };
		5041CC3A21586D4E0088C408 /* MyInstagramTests.xctest */ = {isa = PBXFileReference; explicitFileType = wrapper.cfbundle; includeInIndex = 0; path = MyInstagramTests.xctest; sourceTree = BUILT_PRODUCTS_DIR; };
		5041CC3E21586D4E0088C408 /* MyInstagramTests.swift */ = {isa = PBXFileReference; lastKnownFileType = sourcecode.swift; path = MyInstagramTests.swift; sourceTree = "<group>"; };
		5041CC4021586D4E0088C408 /* Info.plist */ = {isa = PBXFileReference; lastKnownFileType = text.plist.xml; path = Info.plist; sourceTree = "<group>"; };
		5041CC4521586D4E0088C408 /* MyInstagramUITests.xctest */ = {isa = PBXFileReference; explicitFileType = wrapper.cfbundle; includeInIndex = 0; path = MyInstagramUITests.xctest; sourceTree = BUILT_PRODUCTS_DIR; };
		5041CC4921586D4E0088C408 /* MyInstagramUITests.swift */ = {isa = PBXFileReference; lastKnownFileType = sourcecode.swift; path = MyInstagramUITests.swift; sourceTree = "<group>"; };
		5041CC4B21586D4E0088C408 /* Info.plist */ = {isa = PBXFileReference; lastKnownFileType = text.plist.xml; path = Info.plist; sourceTree = "<group>"; };
		5041CC572158733C0088C408 /* LoginViewController.swift */ = {isa = PBXFileReference; lastKnownFileType = sourcecode.swift; path = LoginViewController.swift; sourceTree = "<group>"; };
		505110282158927500BBB23B /* ProfileViewController.swift */ = {isa = PBXFileReference; lastKnownFileType = sourcecode.swift; path = ProfileViewController.swift; sourceTree = "<group>"; };
		5051102A215892C700BBB23B /* CaptureViewController.swift */ = {isa = PBXFileReference; lastKnownFileType = sourcecode.swift; path = CaptureViewController.swift; sourceTree = "<group>"; };
		5051102C215892E900BBB23B /* HomeViewController.swift */ = {isa = PBXFileReference; lastKnownFileType = sourcecode.swift; path = HomeViewController.swift; sourceTree = "<group>"; };
		5051106E2159E12200BBB23B /* PostCollectionViewCell.swift */ = {isa = PBXFileReference; lastKnownFileType = sourcecode.swift; path = PostCollectionViewCell.swift; sourceTree = "<group>"; };
		50BD75052159F67C00F34F3A /* Post.swift */ = {isa = PBXFileReference; lastKnownFileType = sourcecode.swift; path = Post.swift; sourceTree = "<group>"; };
		547794B23842445FAE97BCFE /* Pods-MyInstagramUITests.debug.xcconfig */ = {isa = PBXFileReference; includeInIndex = 1; lastKnownFileType = text.xcconfig; name = "Pods-MyInstagramUITests.debug.xcconfig"; path = "Pods/Target Support Files/Pods-MyInstagramUITests/Pods-MyInstagramUITests.debug.xcconfig"; sourceTree = "<group>"; };
		5DD611060EC1B0C196A7E8BE /* Pods-MyInstagramTests.release.xcconfig */ = {isa = PBXFileReference; includeInIndex = 1; lastKnownFileType = text.xcconfig; name = "Pods-MyInstagramTests.release.xcconfig"; path = "Pods/Target Support Files/Pods-MyInstagramTests/Pods-MyInstagramTests.release.xcconfig"; sourceTree = "<group>"; };
		70BD69563369BEFC6CA46A6A /* Pods-MyInstagram.release.xcconfig */ = {isa = PBXFileReference; includeInIndex = 1; lastKnownFileType = text.xcconfig; name = "Pods-MyInstagram.release.xcconfig"; path = "Pods/Target Support Files/Pods-MyInstagram/Pods-MyInstagram.release.xcconfig"; sourceTree = "<group>"; };
		8BE2FC3A6D3606CD6DBD541A /* Pods-MyInstagram.debug.xcconfig */ = {isa = PBXFileReference; includeInIndex = 1; lastKnownFileType = text.xcconfig; name = "Pods-MyInstagram.debug.xcconfig"; path = "Pods/Target Support Files/Pods-MyInstagram/Pods-MyInstagram.debug.xcconfig"; sourceTree = "<group>"; };
		C5663849026E7362C6CE32FA /* Pods_MyInstagramUITests.framework */ = {isa = PBXFileReference; explicitFileType = wrapper.framework; includeInIndex = 0; path = Pods_MyInstagramUITests.framework; sourceTree = BUILT_PRODUCTS_DIR; };
		D54658AE73B9AFBD91043B88 /* Pods-MyInstagramUITests.release.xcconfig */ = {isa = PBXFileReference; includeInIndex = 1; lastKnownFileType = text.xcconfig; name = "Pods-MyInstagramUITests.release.xcconfig"; path = "Pods/Target Support Files/Pods-MyInstagramUITests/Pods-MyInstagramUITests.release.xcconfig"; sourceTree = "<group>"; };
		FDBBD3B212AA84110EB8B7DB /* Pods-MyInstagramTests.debug.xcconfig */ = {isa = PBXFileReference; includeInIndex = 1; lastKnownFileType = text.xcconfig; name = "Pods-MyInstagramTests.debug.xcconfig"; path = "Pods/Target Support Files/Pods-MyInstagramTests/Pods-MyInstagramTests.debug.xcconfig"; sourceTree = "<group>"; };
/* End PBXFileReference section */

/* Begin PBXFrameworksBuildPhase section */
		5041CC2321586D4D0088C408 /* Frameworks */ = {
			isa = PBXFrameworksBuildPhase;
			buildActionMask = 2147483647;
			files = (
				1CA530C48B8969C9227F1ECC /* Pods_MyInstagram.framework in Frameworks */,
			);
			runOnlyForDeploymentPostprocessing = 0;
		};
		5041CC3721586D4E0088C408 /* Frameworks */ = {
			isa = PBXFrameworksBuildPhase;
			buildActionMask = 2147483647;
			files = (
				12C9D6B5AE78FB38B502520D /* Pods_MyInstagramTests.framework in Frameworks */,
			);
			runOnlyForDeploymentPostprocessing = 0;
		};
		5041CC4221586D4E0088C408 /* Frameworks */ = {
			isa = PBXFrameworksBuildPhase;
			buildActionMask = 2147483647;
			files = (
				CB844C4D417D6DF3A4D518BC /* Pods_MyInstagramUITests.framework in Frameworks */,
			);
			runOnlyForDeploymentPostprocessing = 0;
		};
/* End PBXFrameworksBuildPhase section */

/* Begin PBXGroup section */
		2F4858F980405A3BF951AF10 /* Pods */ = {
			isa = PBXGroup;
			children = (
				8BE2FC3A6D3606CD6DBD541A /* Pods-MyInstagram.debug.xcconfig */,
				70BD69563369BEFC6CA46A6A /* Pods-MyInstagram.release.xcconfig */,
				FDBBD3B212AA84110EB8B7DB /* Pods-MyInstagramTests.debug.xcconfig */,
				5DD611060EC1B0C196A7E8BE /* Pods-MyInstagramTests.release.xcconfig */,
				547794B23842445FAE97BCFE /* Pods-MyInstagramUITests.debug.xcconfig */,
				D54658AE73B9AFBD91043B88 /* Pods-MyInstagramUITests.release.xcconfig */,
			);
			name = Pods;
			sourceTree = "<group>";
		};
		474A5CBE8DC98881AD5D4533 /* Frameworks */ = {
			isa = PBXGroup;
			children = (
				404F2CF664B28401FA1E5957 /* Pods_MyInstagram.framework */,
				2683ED730C24BDF3657060B8 /* Pods_MyInstagramTests.framework */,
				C5663849026E7362C6CE32FA /* Pods_MyInstagramUITests.framework */,
			);
			name = Frameworks;
			sourceTree = "<group>";
		};
		5041CC1D21586D4D0088C408 = {
			isa = PBXGroup;
			children = (
				5041CC2821586D4D0088C408 /* MyInstagram */,
				5041CC3D21586D4E0088C408 /* MyInstagramTests */,
				5041CC4821586D4E0088C408 /* MyInstagramUITests */,
				5041CC2721586D4D0088C408 /* Products */,
				2F4858F980405A3BF951AF10 /* Pods */,
				474A5CBE8DC98881AD5D4533 /* Frameworks */,
			);
			sourceTree = "<group>";
		};
		5041CC2721586D4D0088C408 /* Products */ = {
			isa = PBXGroup;
			children = (
				5041CC2621586D4D0088C408 /* MyInstagram.app */,
				5041CC3A21586D4E0088C408 /* MyInstagramTests.xctest */,
				5041CC4521586D4E0088C408 /* MyInstagramUITests.xctest */,
			);
			name = Products;
			sourceTree = "<group>";
		};
		5041CC2821586D4D0088C408 /* MyInstagram */ = {
			isa = PBXGroup;
			children = (
				505110692159DCDC00BBB23B /* Views */,
				5041CC2921586D4D0088C408 /* AppDelegate.swift */,
				5041CC2D21586D4D0088C408 /* Main.storyboard */,
				50BD75052159F67C00F34F3A /* Post.swift */,
				505110272158925E00BBB23B /* ViewControllers */,
				5041CC3021586D4E0088C408 /* Assets.xcassets */,
				5041CC3221586D4E0088C408 /* LaunchScreen.storyboard */,
				5041CC3521586D4E0088C408 /* Info.plist */,
			);
			path = MyInstagram;
			sourceTree = "<group>";
		};
		5041CC3D21586D4E0088C408 /* MyInstagramTests */ = {
			isa = PBXGroup;
			children = (
				5041CC3E21586D4E0088C408 /* MyInstagramTests.swift */,
				5041CC4021586D4E0088C408 /* Info.plist */,
			);
			path = MyInstagramTests;
			sourceTree = "<group>";
		};
		5041CC4821586D4E0088C408 /* MyInstagramUITests */ = {
			isa = PBXGroup;
			children = (
				5041CC4921586D4E0088C408 /* MyInstagramUITests.swift */,
				5041CC4B21586D4E0088C408 /* Info.plist */,
			);
			path = MyInstagramUITests;
			sourceTree = "<group>";
		};
		505110272158925E00BBB23B /* ViewControllers */ = {
			isa = PBXGroup;
			children = (
				5041CC572158733C0088C408 /* LoginViewController.swift */,
				505110282158927500BBB23B /* ProfileViewController.swift */,
				5051102A215892C700BBB23B /* CaptureViewController.swift */,
				5051102C215892E900BBB23B /* HomeViewController.swift */,
			);
			path = ViewControllers;
			sourceTree = "<group>";
		};
		505110692159DCDC00BBB23B /* Views */ = {
			isa = PBXGroup;
			children = (
				5051106E2159E12200BBB23B /* PostCollectionViewCell.swift */,
			);
			path = Views;
			sourceTree = "<group>";
		};
/* End PBXGroup section */

/* Begin PBXNativeTarget section */
		5041CC2521586D4D0088C408 /* MyInstagram */ = {
			isa = PBXNativeTarget;
			buildConfigurationList = 5041CC4E21586D4F0088C408 /* Build configuration list for PBXNativeTarget "MyInstagram" */;
			buildPhases = (
				C2B624F5066942CC82E2AF98 /* [CP] Check Pods Manifest.lock */,
				5041CC2221586D4D0088C408 /* Sources */,
				5041CC2321586D4D0088C408 /* Frameworks */,
				5041CC2421586D4D0088C408 /* Resources */,
				EE30677DE3B2059ABB772594 /* [CP] Embed Pods Frameworks */,
			);
			buildRules = (
			);
			dependencies = (
			);
			name = MyInstagram;
			productName = MyInstagram;
			productReference = 5041CC2621586D4D0088C408 /* MyInstagram.app */;
			productType = "com.apple.product-type.application";
		};
		5041CC3921586D4E0088C408 /* MyInstagramTests */ = {
			isa = PBXNativeTarget;
			buildConfigurationList = 5041CC5121586D4F0088C408 /* Build configuration list for PBXNativeTarget "MyInstagramTests" */;
			buildPhases = (
				E27683696C11CF884B465DD9 /* [CP] Check Pods Manifest.lock */,
				5041CC3621586D4E0088C408 /* Sources */,
				5041CC3721586D4E0088C408 /* Frameworks */,
				5041CC3821586D4E0088C408 /* Resources */,
			);
			buildRules = (
			);
			dependencies = (
				5041CC3C21586D4E0088C408 /* PBXTargetDependency */,
			);
			name = MyInstagramTests;
			productName = MyInstagramTests;
			productReference = 5041CC3A21586D4E0088C408 /* MyInstagramTests.xctest */;
			productType = "com.apple.product-type.bundle.unit-test";
		};
		5041CC4421586D4E0088C408 /* MyInstagramUITests */ = {
			isa = PBXNativeTarget;
			buildConfigurationList = 5041CC5421586D4F0088C408 /* Build configuration list for PBXNativeTarget "MyInstagramUITests" */;
			buildPhases = (
				D6E16AC6C80C4E8409974F0B /* [CP] Check Pods Manifest.lock */,
				5041CC4121586D4E0088C408 /* Sources */,
				5041CC4221586D4E0088C408 /* Frameworks */,
				5041CC4321586D4E0088C408 /* Resources */,
			);
			buildRules = (
			);
			dependencies = (
				5041CC4721586D4E0088C408 /* PBXTargetDependency */,
			);
			name = MyInstagramUITests;
			productName = MyInstagramUITests;
			productReference = 5041CC4521586D4E0088C408 /* MyInstagramUITests.xctest */;
			productType = "com.apple.product-type.bundle.ui-testing";
		};
/* End PBXNativeTarget section */

/* Begin PBXProject section */
		5041CC1E21586D4D0088C408 /* Project object */ = {
			isa = PBXProject;
			attributes = {
				LastSwiftUpdateCheck = 1000;
				LastUpgradeCheck = 1000;
				ORGANIZATIONNAME = "Whitney Griffith";
				TargetAttributes = {
					5041CC2521586D4D0088C408 = {
						CreatedOnToolsVersion = 10.0;
					};
					5041CC3921586D4E0088C408 = {
						CreatedOnToolsVersion = 10.0;
						TestTargetID = 5041CC2521586D4D0088C408;
					};
					5041CC4421586D4E0088C408 = {
						CreatedOnToolsVersion = 10.0;
						TestTargetID = 5041CC2521586D4D0088C408;
					};
				};
			};
			buildConfigurationList = 5041CC2121586D4D0088C408 /* Build configuration list for PBXProject "MyInstagram" */;
			compatibilityVersion = "Xcode 9.3";
			developmentRegion = en;
			hasScannedForEncodings = 0;
			knownRegions = (
				en,
				Base,
			);
			mainGroup = 5041CC1D21586D4D0088C408;
			productRefGroup = 5041CC2721586D4D0088C408 /* Products */;
			projectDirPath = "";
			projectRoot = "";
			targets = (
				5041CC2521586D4D0088C408 /* MyInstagram */,
				5041CC3921586D4E0088C408 /* MyInstagramTests */,
				5041CC4421586D4E0088C408 /* MyInstagramUITests */,
			);
		};
/* End PBXProject section */

/* Begin PBXResourcesBuildPhase section */
		5041CC2421586D4D0088C408 /* Resources */ = {
			isa = PBXResourcesBuildPhase;
			buildActionMask = 2147483647;
			files = (
				5041CC3421586D4E0088C408 /* LaunchScreen.storyboard in Resources */,
				5041CC3121586D4E0088C408 /* Assets.xcassets in Resources */,
				5041CC2F21586D4D0088C408 /* Main.storyboard in Resources */,
			);
			runOnlyForDeploymentPostprocessing = 0;
		};
		5041CC3821586D4E0088C408 /* Resources */ = {
			isa = PBXResourcesBuildPhase;
			buildActionMask = 2147483647;
			files = (
			);
			runOnlyForDeploymentPostprocessing = 0;
		};
		5041CC4321586D4E0088C408 /* Resources */ = {
			isa = PBXResourcesBuildPhase;
			buildActionMask = 2147483647;
			files = (
			);
			runOnlyForDeploymentPostprocessing = 0;
		};
/* End PBXResourcesBuildPhase section */

/* Begin PBXShellScriptBuildPhase section */
		C2B624F5066942CC82E2AF98 /* [CP] Check Pods Manifest.lock */ = {
			isa = PBXShellScriptBuildPhase;
			buildActionMask = 2147483647;
			files = (
			);
			inputFileListPaths = (
			);
			inputPaths = (
				"${PODS_PODFILE_DIR_PATH}/Podfile.lock",
				"${PODS_ROOT}/Manifest.lock",
			);
			name = "[CP] Check Pods Manifest.lock";
			outputFileListPaths = (
			);
			outputPaths = (
				"$(DERIVED_FILE_DIR)/Pods-MyInstagram-checkManifestLockResult.txt",
			);
			runOnlyForDeploymentPostprocessing = 0;
			shellPath = /bin/sh;
			shellScript = "diff \"${PODS_PODFILE_DIR_PATH}/Podfile.lock\" \"${PODS_ROOT}/Manifest.lock\" > /dev/null\nif [ $? != 0 ] ; then\n    # print error to STDERR\n    echo \"error: The sandbox is not in sync with the Podfile.lock. Run 'pod install' or update your CocoaPods installation.\" >&2\n    exit 1\nfi\n# This output is used by Xcode 'outputs' to avoid re-running this script phase.\necho \"SUCCESS\" > \"${SCRIPT_OUTPUT_FILE_0}\"\n";
			showEnvVarsInLog = 0;
		};
		D6E16AC6C80C4E8409974F0B /* [CP] Check Pods Manifest.lock */ = {
			isa = PBXShellScriptBuildPhase;
			buildActionMask = 2147483647;
			files = (
			);
			inputFileListPaths = (
			);
			inputPaths = (
				"${PODS_PODFILE_DIR_PATH}/Podfile.lock",
				"${PODS_ROOT}/Manifest.lock",
			);
			name = "[CP] Check Pods Manifest.lock";
			outputFileListPaths = (
			);
			outputPaths = (
				"$(DERIVED_FILE_DIR)/Pods-MyInstagramUITests-checkManifestLockResult.txt",
			);
			runOnlyForDeploymentPostprocessing = 0;
			shellPath = /bin/sh;
			shellScript = "diff \"${PODS_PODFILE_DIR_PATH}/Podfile.lock\" \"${PODS_ROOT}/Manifest.lock\" > /dev/null\nif [ $? != 0 ] ; then\n    # print error to STDERR\n    echo \"error: The sandbox is not in sync with the Podfile.lock. Run 'pod install' or update your CocoaPods installation.\" >&2\n    exit 1\nfi\n# This output is used by Xcode 'outputs' to avoid re-running this script phase.\necho \"SUCCESS\" > \"${SCRIPT_OUTPUT_FILE_0}\"\n";
			showEnvVarsInLog = 0;
		};
		E27683696C11CF884B465DD9 /* [CP] Check Pods Manifest.lock */ = {
			isa = PBXShellScriptBuildPhase;
			buildActionMask = 2147483647;
			files = (
			);
			inputFileListPaths = (
			);
			inputPaths = (
				"${PODS_PODFILE_DIR_PATH}/Podfile.lock",
				"${PODS_ROOT}/Manifest.lock",
			);
			name = "[CP] Check Pods Manifest.lock";
			outputFileListPaths = (
			);
			outputPaths = (
				"$(DERIVED_FILE_DIR)/Pods-MyInstagramTests-checkManifestLockResult.txt",
			);
			runOnlyForDeploymentPostprocessing = 0;
			shellPath = /bin/sh;
			shellScript = "diff \"${PODS_PODFILE_DIR_PATH}/Podfile.lock\" \"${PODS_ROOT}/Manifest.lock\" > /dev/null\nif [ $? != 0 ] ; then\n    # print error to STDERR\n    echo \"error: The sandbox is not in sync with the Podfile.lock. Run 'pod install' or update your CocoaPods installation.\" >&2\n    exit 1\nfi\n# This output is used by Xcode 'outputs' to avoid re-running this script phase.\necho \"SUCCESS\" > \"${SCRIPT_OUTPUT_FILE_0}\"\n";
			showEnvVarsInLog = 0;
		};
		EE30677DE3B2059ABB772594 /* [CP] Embed Pods Frameworks */ = {
			isa = PBXShellScriptBuildPhase;
			buildActionMask = 2147483647;
			files = (
			);
			inputFileListPaths = (
			);
			inputPaths = (
				"${PODS_ROOT}/Target Support Files/Pods-MyInstagram/Pods-MyInstagram-frameworks.sh",
				"${BUILT_PRODUCTS_DIR}/Alamofire/Alamofire.framework",
				"${BUILT_PRODUCTS_DIR}/AlamofireImage/AlamofireImage.framework",
				"${BUILT_PRODUCTS_DIR}/Bolts/Bolts.framework",
				"${BUILT_PRODUCTS_DIR}/Parse/Parse.framework",
				"${BUILT_PRODUCTS_DIR}/ParseUI/ParseUI.framework",
			);
			name = "[CP] Embed Pods Frameworks";
			outputFileListPaths = (
			);
			outputPaths = (
				"${TARGET_BUILD_DIR}/${FRAMEWORKS_FOLDER_PATH}/Alamofire.framework",
				"${TARGET_BUILD_DIR}/${FRAMEWORKS_FOLDER_PATH}/AlamofireImage.framework",
				"${TARGET_BUILD_DIR}/${FRAMEWORKS_FOLDER_PATH}/Bolts.framework",
				"${TARGET_BUILD_DIR}/${FRAMEWORKS_FOLDER_PATH}/Parse.framework",
				"${TARGET_BUILD_DIR}/${FRAMEWORKS_FOLDER_PATH}/ParseUI.framework",
			);
			runOnlyForDeploymentPostprocessing = 0;
			shellPath = /bin/sh;
			shellScript = "\"${PODS_ROOT}/Target Support Files/Pods-MyInstagram/Pods-MyInstagram-frameworks.sh\"\n";
			showEnvVarsInLog = 0;
		};
/* End PBXShellScriptBuildPhase section */

/* Begin PBXSourcesBuildPhase section */
		5041CC2221586D4D0088C408 /* Sources */ = {
			isa = PBXSourcesBuildPhase;
			buildActionMask = 2147483647;
			files = (
				5051102D215892E900BBB23B /* HomeViewController.swift in Sources */,
				505110292158927500BBB23B /* ProfileViewController.swift in Sources */,
				5051106F2159E12200BBB23B /* PostCollectionViewCell.swift in Sources */,
				5051102B215892C700BBB23B /* CaptureViewController.swift in Sources */,
				5041CC582158733C0088C408 /* LoginViewController.swift in Sources */,
				50BD75062159F67C00F34F3A /* Post.swift in Sources */,
				5041CC2A21586D4D0088C408 /* AppDelegate.swift in Sources */,
			);
			runOnlyForDeploymentPostprocessing = 0;
		};
		5041CC3621586D4E0088C408 /* Sources */ = {
			isa = PBXSourcesBuildPhase;
			buildActionMask = 2147483647;
			files = (
				5041CC3F21586D4E0088C408 /* MyInstagramTests.swift in Sources */,
			);
			runOnlyForDeploymentPostprocessing = 0;
		};
		5041CC4121586D4E0088C408 /* Sources */ = {
			isa = PBXSourcesBuildPhase;
			buildActionMask = 2147483647;
			files = (
				5041CC4A21586D4E0088C408 /* MyInstagramUITests.swift in Sources */,
			);
			runOnlyForDeploymentPostprocessing = 0;
		};
/* End PBXSourcesBuildPhase section */

/* Begin PBXTargetDependency section */
		5041CC3C21586D4E0088C408 /* PBXTargetDependency */ = {
			isa = PBXTargetDependency;
			target = 5041CC2521586D4D0088C408 /* MyInstagram */;
			targetProxy = 5041CC3B21586D4E0088C408 /* PBXContainerItemProxy */;
		};
		5041CC4721586D4E0088C408 /* PBXTargetDependency */ = {
			isa = PBXTargetDependency;
			target = 5041CC2521586D4D0088C408 /* MyInstagram */;
			targetProxy = 5041CC4621586D4E0088C408 /* PBXContainerItemProxy */;
		};
/* End PBXTargetDependency section */

/* Begin PBXVariantGroup section */
		5041CC2D21586D4D0088C408 /* Main.storyboard */ = {
			isa = PBXVariantGroup;
			children = (
				5041CC2E21586D4D0088C408 /* Base */,
			);
			name = Main.storyboard;
			sourceTree = "<group>";
		};
		5041CC3221586D4E0088C408 /* LaunchScreen.storyboard */ = {
			isa = PBXVariantGroup;
			children = (
				5041CC3321586D4E0088C408 /* Base */,
			);
			name = LaunchScreen.storyboard;
			sourceTree = "<group>";
		};
/* End PBXVariantGroup section */

/* Begin XCBuildConfiguration section */
		5041CC4C21586D4F0088C408 /* Debug */ = {
			isa = XCBuildConfiguration;
			buildSettings = {
				ALWAYS_SEARCH_USER_PATHS = NO;
				CLANG_ANALYZER_NONNULL = YES;
				CLANG_ANALYZER_NUMBER_OBJECT_CONVERSION = YES_AGGRESSIVE;
				CLANG_CXX_LANGUAGE_STANDARD = "gnu++14";
				CLANG_CXX_LIBRARY = "libc++";
				CLANG_ENABLE_MODULES = YES;
				CLANG_ENABLE_OBJC_ARC = YES;
				CLANG_ENABLE_OBJC_WEAK = YES;
				CLANG_WARN_BLOCK_CAPTURE_AUTORELEASING = YES;
				CLANG_WARN_BOOL_CONVERSION = YES;
				CLANG_WARN_COMMA = YES;
				CLANG_WARN_CONSTANT_CONVERSION = YES;
				CLANG_WARN_DEPRECATED_OBJC_IMPLEMENTATIONS = YES;
				CLANG_WARN_DIRECT_OBJC_ISA_USAGE = YES_ERROR;
				CLANG_WARN_DOCUMENTATION_COMMENTS = YES;
				CLANG_WARN_EMPTY_BODY = YES;
				CLANG_WARN_ENUM_CONVERSION = YES;
				CLANG_WARN_INFINITE_RECURSION = YES;
				CLANG_WARN_INT_CONVERSION = YES;
				CLANG_WARN_NON_LITERAL_NULL_CONVERSION = YES;
				CLANG_WARN_OBJC_IMPLICIT_RETAIN_SELF = YES;
				CLANG_WARN_OBJC_LITERAL_CONVERSION = YES;
				CLANG_WARN_OBJC_ROOT_CLASS = YES_ERROR;
				CLANG_WARN_RANGE_LOOP_ANALYSIS = YES;
				CLANG_WARN_STRICT_PROTOTYPES = YES;
				CLANG_WARN_SUSPICIOUS_MOVE = YES;
				CLANG_WARN_UNGUARDED_AVAILABILITY = YES_AGGRESSIVE;
				CLANG_WARN_UNREACHABLE_CODE = YES;
				CLANG_WARN__DUPLICATE_METHOD_MATCH = YES;
				CODE_SIGN_IDENTITY = "iPhone Developer";
				COPY_PHASE_STRIP = NO;
				DEBUG_INFORMATION_FORMAT = dwarf;
				ENABLE_STRICT_OBJC_MSGSEND = YES;
				ENABLE_TESTABILITY = YES;
				GCC_C_LANGUAGE_STANDARD = gnu11;
				GCC_DYNAMIC_NO_PIC = NO;
				GCC_NO_COMMON_BLOCKS = YES;
				GCC_OPTIMIZATION_LEVEL = 0;
				GCC_PREPROCESSOR_DEFINITIONS = (
					"DEBUG=1",
					"$(inherited)",
				);
				GCC_WARN_64_TO_32_BIT_CONVERSION = YES;
				GCC_WARN_ABOUT_RETURN_TYPE = YES_ERROR;
				GCC_WARN_UNDECLARED_SELECTOR = YES;
				GCC_WARN_UNINITIALIZED_AUTOS = YES_AGGRESSIVE;
				GCC_WARN_UNUSED_FUNCTION = YES;
				GCC_WARN_UNUSED_VARIABLE = YES;
				IPHONEOS_DEPLOYMENT_TARGET = 12.0;
				MTL_ENABLE_DEBUG_INFO = INCLUDE_SOURCE;
				MTL_FAST_MATH = YES;
				ONLY_ACTIVE_ARCH = YES;
				SDKROOT = iphoneos;
				SWIFT_ACTIVE_COMPILATION_CONDITIONS = DEBUG;
				SWIFT_OPTIMIZATION_LEVEL = "-Onone";
			};
			name = Debug;
		};
		5041CC4D21586D4F0088C408 /* Release */ = {
			isa = XCBuildConfiguration;
			buildSettings = {
				ALWAYS_SEARCH_USER_PATHS = NO;
				CLANG_ANALYZER_NONNULL = YES;
				CLANG_ANALYZER_NUMBER_OBJECT_CONVERSION = YES_AGGRESSIVE;
				CLANG_CXX_LANGUAGE_STANDARD = "gnu++14";
				CLANG_CXX_LIBRARY = "libc++";
				CLANG_ENABLE_MODULES = YES;
				CLANG_ENABLE_OBJC_ARC = YES;
				CLANG_ENABLE_OBJC_WEAK = YES;
				CLANG_WARN_BLOCK_CAPTURE_AUTORELEASING = YES;
				CLANG_WARN_BOOL_CONVERSION = YES;
				CLANG_WARN_COMMA = YES;
				CLANG_WARN_CONSTANT_CONVERSION = YES;
				CLANG_WARN_DEPRECATED_OBJC_IMPLEMENTATIONS = YES;
				CLANG_WARN_DIRECT_OBJC_ISA_USAGE = YES_ERROR;
				CLANG_WARN_DOCUMENTATION_COMMENTS = YES;
				CLANG_WARN_EMPTY_BODY = YES;
				CLANG_WARN_ENUM_CONVERSION = YES;
				CLANG_WARN_INFINITE_RECURSION = YES;
				CLANG_WARN_INT_CONVERSION = YES;
				CLANG_WARN_NON_LITERAL_NULL_CONVERSION = YES;
				CLANG_WARN_OBJC_IMPLICIT_RETAIN_SELF = YES;
				CLANG_WARN_OBJC_LITERAL_CONVERSION = YES;
				CLANG_WARN_OBJC_ROOT_CLASS = YES_ERROR;
				CLANG_WARN_RANGE_LOOP_ANALYSIS = YES;
				CLANG_WARN_STRICT_PROTOTYPES = YES;
				CLANG_WARN_SUSPICIOUS_MOVE = YES;
				CLANG_WARN_UNGUARDED_AVAILABILITY = YES_AGGRESSIVE;
				CLANG_WARN_UNREACHABLE_CODE = YES;
				CLANG_WARN__DUPLICATE_METHOD_MATCH = YES;
				CODE_SIGN_IDENTITY = "iPhone Developer";
				COPY_PHASE_STRIP = NO;
				DEBUG_INFORMATION_FORMAT = "dwarf-with-dsym";
				ENABLE_NS_ASSERTIONS = NO;
				ENABLE_STRICT_OBJC_MSGSEND = YES;
				GCC_C_LANGUAGE_STANDARD = gnu11;
				GCC_NO_COMMON_BLOCKS = YES;
				GCC_WARN_64_TO_32_BIT_CONVERSION = YES;
				GCC_WARN_ABOUT_RETURN_TYPE = YES_ERROR;
				GCC_WARN_UNDECLARED_SELECTOR = YES;
				GCC_WARN_UNINITIALIZED_AUTOS = YES_AGGRESSIVE;
				GCC_WARN_UNUSED_FUNCTION = YES;
				GCC_WARN_UNUSED_VARIABLE = YES;
				IPHONEOS_DEPLOYMENT_TARGET = 12.0;
				MTL_ENABLE_DEBUG_INFO = NO;
				MTL_FAST_MATH = YES;
				SDKROOT = iphoneos;
				SWIFT_COMPILATION_MODE = wholemodule;
				SWIFT_OPTIMIZATION_LEVEL = "-O";
				VALIDATE_PRODUCT = YES;
			};
			name = Release;
		};
		5041CC4F21586D4F0088C408 /* Debug */ = {
			isa = XCBuildConfiguration;
			baseConfigurationReference = 8BE2FC3A6D3606CD6DBD541A /* Pods-MyInstagram.debug.xcconfig */;
			buildSettings = {
				ASSETCATALOG_COMPILER_APPICON_NAME = AppIcon;
				CODE_SIGN_STYLE = Automatic;
				DEVELOPMENT_TEAM = 6922PB386G;
				INFOPLIST_FILE = MyInstagram/Info.plist;
				LD_RUNPATH_SEARCH_PATHS = (
					"$(inherited)",
					"@executable_path/Frameworks",
				);
				PRODUCT_BUNDLE_IDENTIFIER = com.working.MyInstagram;
				PRODUCT_NAME = "$(TARGET_NAME)";
				SWIFT_VERSION = 4.2;
				TARGETED_DEVICE_FAMILY = "1,2";
			};
			name = Debug;
		};
		5041CC5021586D4F0088C408 /* Release */ = {
			isa = XCBuildConfiguration;
			baseConfigurationReference = 70BD69563369BEFC6CA46A6A /* Pods-MyInstagram.release.xcconfig */;
			buildSettings = {
				ASSETCATALOG_COMPILER_APPICON_NAME = AppIcon;
				CODE_SIGN_STYLE = Automatic;
				DEVELOPMENT_TEAM = 6922PB386G;
				INFOPLIST_FILE = MyInstagram/Info.plist;
				LD_RUNPATH_SEARCH_PATHS = (
					"$(inherited)",
					"@executable_path/Frameworks",
				);
				PRODUCT_BUNDLE_IDENTIFIER = com.working.MyInstagram;
				PRODUCT_NAME = "$(TARGET_NAME)";
				SWIFT_VERSION = 4.2;
				TARGETED_DEVICE_FAMILY = "1,2";
			};
			name = Release;
		};
		5041CC5221586D4F0088C408 /* Debug */ = {
			isa = XCBuildConfiguration;
			baseConfigurationReference = FDBBD3B212AA84110EB8B7DB /* Pods-MyInstagramTests.debug.xcconfig */;
			buildSettings = {
				ALWAYS_EMBED_SWIFT_STANDARD_LIBRARIES = YES;
				BUNDLE_LOADER = "$(TEST_HOST)";
				CODE_SIGN_STYLE = Automatic;
				DEVELOPMENT_TEAM = 6922PB386G;
				INFOPLIST_FILE = MyInstagramTests/Info.plist;
				LD_RUNPATH_SEARCH_PATHS = (
					"$(inherited)",
					"@executable_path/Frameworks",
					"@loader_path/Frameworks",
				);
				PRODUCT_BUNDLE_IDENTIFIER = com.working.MyInstagramTests;
				PRODUCT_NAME = "$(TARGET_NAME)";
				SWIFT_VERSION = 4.2;
				TARGETED_DEVICE_FAMILY = "1,2";
				TEST_HOST = "$(BUILT_PRODUCTS_DIR)/MyInstagram.app/MyInstagram";
			};
			name = Debug;
		};
		5041CC5321586D4F0088C408 /* Release */ = {
			isa = XCBuildConfiguration;
			baseConfigurationReference = 5DD611060EC1B0C196A7E8BE /* Pods-MyInstagramTests.release.xcconfig */;
			buildSettings = {
				ALWAYS_EMBED_SWIFT_STANDARD_LIBRARIES = YES;
				BUNDLE_LOADER = "$(TEST_HOST)";
				CODE_SIGN_STYLE = Automatic;
				DEVELOPMENT_TEAM = 6922PB386G;
				INFOPLIST_FILE = MyInstagramTests/Info.plist;
				LD_RUNPATH_SEARCH_PATHS = (
					"$(inherited)",
					"@executable_path/Frameworks",
					"@loader_path/Frameworks",
				);
				PRODUCT_BUNDLE_IDENTIFIER = com.working.MyInstagramTests;
				PRODUCT_NAME = "$(TARGET_NAME)";
				SWIFT_VERSION = 4.2;
				TARGETED_DEVICE_FAMILY = "1,2";
				TEST_HOST = "$(BUILT_PRODUCTS_DIR)/MyInstagram.app/MyInstagram";
			};
			name = Release;
		};
		5041CC5521586D4F0088C408 /* Debug */ = {
			isa = XCBuildConfiguration;
			baseConfigurationReference = 547794B23842445FAE97BCFE /* Pods-MyInstagramUITests.debug.xcconfig */;
			buildSettings = {
				ALWAYS_EMBED_SWIFT_STANDARD_LIBRARIES = YES;
				CODE_SIGN_STYLE = Automatic;
				DEVELOPMENT_TEAM = 6922PB386G;
				INFOPLIST_FILE = MyInstagramUITests/Info.plist;
				LD_RUNPATH_SEARCH_PATHS = (
					"$(inherited)",
					"@executable_path/Frameworks",
					"@loader_path/Frameworks",
				);
				PRODUCT_BUNDLE_IDENTIFIER = com.working.MyInstagramUITests;
				PRODUCT_NAME = "$(TARGET_NAME)";
				SWIFT_VERSION = 4.2;
				TARGETED_DEVICE_FAMILY = "1,2";
				TEST_TARGET_NAME = MyInstagram;
			};
			name = Debug;
		};
		5041CC5621586D4F0088C408 /* Release */ = {
			isa = XCBuildConfiguration;
			baseConfigurationReference = D54658AE73B9AFBD91043B88 /* Pods-MyInstagramUITests.release.xcconfig */;
			buildSettings = {
				ALWAYS_EMBED_SWIFT_STANDARD_LIBRARIES = YES;
				CODE_SIGN_STYLE = Automatic;
				DEVELOPMENT_TEAM = 6922PB386G;
				INFOPLIST_FILE = MyInstagramUITests/Info.plist;
				LD_RUNPATH_SEARCH_PATHS = (
					"$(inherited)",
					"@executable_path/Frameworks",
					"@loader_path/Frameworks",
				);
				PRODUCT_BUNDLE_IDENTIFIER = com.working.MyInstagramUITests;
				PRODUCT_NAME = "$(TARGET_NAME)";
				SWIFT_VERSION = 4.2;
				TARGETED_DEVICE_FAMILY = "1,2";
				TEST_TARGET_NAME = MyInstagram;
			};
			name = Release;
		};
/* End XCBuildConfiguration section */

/* Begin XCConfigurationList section */
		5041CC2121586D4D0088C408 /* Build configuration list for PBXProject "MyInstagram" */ = {
			isa = XCConfigurationList;
			buildConfigurations = (
				5041CC4C21586D4F0088C408 /* Debug */,
				5041CC4D21586D4F0088C408 /* Release */,
			);
			defaultConfigurationIsVisible = 0;
			defaultConfigurationName = Release;
		};
		5041CC4E21586D4F0088C408 /* Build configuration list for PBXNativeTarget "MyInstagram" */ = {
			isa = XCConfigurationList;
			buildConfigurations = (
				5041CC4F21586D4F0088C408 /* Debug */,
				5041CC5021586D4F0088C408 /* Release */,
			);
			defaultConfigurationIsVisible = 0;
			defaultConfigurationName = Release;
		};
		5041CC5121586D4F0088C408 /* Build configuration list for PBXNativeTarget "MyInstagramTests" */ = {
			isa = XCConfigurationList;
			buildConfigurations = (
				5041CC5221586D4F0088C408 /* Debug */,
				5041CC5321586D4F0088C408 /* Release */,
			);
			defaultConfigurationIsVisible = 0;
			defaultConfigurationName = Release;
		};
		5041CC5421586D4F0088C408 /* Build configuration list for PBXNativeTarget "MyInstagramUITests" */ = {
			isa = XCConfigurationList;
			buildConfigurations = (
				5041CC5521586D4F0088C408 /* Debug */,
				5041CC5621586D4F0088C408 /* Release */,
			);
			defaultConfigurationIsVisible = 0;
			defaultConfigurationName = Release;
		};
/* End XCConfigurationList section */
	};
	rootObject = 5041CC1E21586D4D0088C408 /* Project object */;
}
